// !$*UTF8*$!
{
	archiveVersion = 1;
	classes = {
	};
	objectVersion = 56;
	objects = {

/* Begin PBXBuildFile section */
		FECD6F122BAAEFA5005A2F89 /* AppDelegate.swift in Sources */ = {isa = PBXBuildFile; fileRef = FECD6F112BAAEFA5005A2F89 /* AppDelegate.swift */; };
		FECD6F142BAAEFA5005A2F89 /* SceneDelegate.swift in Sources */ = {isa = PBXBuildFile; fileRef = FECD6F132BAAEFA5005A2F89 /* SceneDelegate.swift */; };
		FECD6F162BAAEFA5005A2F89 /* WeatherViewController.swift in Sources */ = {isa = PBXBuildFile; fileRef = FECD6F152BAAEFA5005A2F89 /* WeatherViewController.swift */; };
		FECD6F1B2BAAEFA6005A2F89 /* Assets.xcassets in Resources */ = {isa = PBXBuildFile; fileRef = FECD6F1A2BAAEFA6005A2F89 /* Assets.xcassets */; };
		FECD6F1E2BAAEFA6005A2F89 /* LaunchScreen.storyboard in Resources */ = {isa = PBXBuildFile; fileRef = FECD6F1C2BAAEFA6005A2F89 /* LaunchScreen.storyboard */; };
		FECD6F2C2BAAF12A005A2F89 /* LocationManager.swift in Sources */ = {isa = PBXBuildFile; fileRef = FECD6F2B2BAAF12A005A2F89 /* LocationManager.swift */; };
		FECD6F2E2BAAF13E005A2F89 /* WeatherManager.swift in Sources */ = {isa = PBXBuildFile; fileRef = FECD6F2D2BAAF13E005A2F89 /* WeatherManager.swift */; };
		FECD6F332BAAF2D2005A2F89 /* SettingsViewController.swift in Sources */ = {isa = PBXBuildFile; fileRef = FECD6F322BAAF2D2005A2F89 /* SettingsViewController.swift */; };
		FECD6F352BAAF33E005A2F89 /* TabViewController.swift in Sources */ = {isa = PBXBuildFile; fileRef = FECD6F342BAAF33E005A2F89 /* TabViewController.swift */; };
		FECD6F372BAB65CC005A2F89 /* WeatherView.swift in Sources */ = {isa = PBXBuildFile; fileRef = FECD6F362BAB65CC005A2F89 /* WeatherView.swift */; };
		FECD6F392BAB6825005A2F89 /* SettingsView.swift in Sources */ = {isa = PBXBuildFile; fileRef = FECD6F382BAB6825005A2F89 /* SettingsView.swift */; };
		FECD6F3B2BAC3387005A2F89 /* SettingsViewViewModel.swift in Sources */ = {isa = PBXBuildFile; fileRef = FECD6F3A2BAC3387005A2F89 /* SettingsViewViewModel.swift */; };
		FECD6F3D2BAC6B63005A2F89 /* WeatherModel.swift in Sources */ = {isa = PBXBuildFile; fileRef = FECD6F3C2BAC6B63005A2F89 /* WeatherModel.swift */; };
		FECD6F3F2BAC6CB5005A2F89 /* CurrentWeatherViewViewModel.swift in Sources */ = {isa = PBXBuildFile; fileRef = FECD6F3E2BAC6CB5005A2F89 /* CurrentWeatherViewViewModel.swift */; };
/* End PBXBuildFile section */

/* Begin PBXFileReference section */
		FECD6F0E2BAAEFA5005A2F89 /* WeatherApp.app */ = {isa = PBXFileReference; explicitFileType = wrapper.application; includeInIndex = 0; path = WeatherApp.app; sourceTree = BUILT_PRODUCTS_DIR; };
		FECD6F112BAAEFA5005A2F89 /* AppDelegate.swift */ = {isa = PBXFileReference; lastKnownFileType = sourcecode.swift; path = AppDelegate.swift; sourceTree = "<group>"; };
		FECD6F132BAAEFA5005A2F89 /* SceneDelegate.swift */ = {isa = PBXFileReference; lastKnownFileType = sourcecode.swift; path = SceneDelegate.swift; sourceTree = "<group>"; };
		FECD6F152BAAEFA5005A2F89 /* WeatherViewController.swift */ = {isa = PBXFileReference; lastKnownFileType = sourcecode.swift; path = WeatherViewController.swift; sourceTree = "<group>"; };
		FECD6F1A2BAAEFA6005A2F89 /* Assets.xcassets */ = {isa = PBXFileReference; lastKnownFileType = folder.assetcatalog; path = Assets.xcassets; sourceTree = "<group>"; };
		FECD6F1D2BAAEFA6005A2F89 /* Base */ = {isa = PBXFileReference; lastKnownFileType = file.storyboard; name = Base; path = Base.lproj/LaunchScreen.storyboard; sourceTree = "<group>"; };
		FECD6F1F2BAAEFA6005A2F89 /* Info.plist */ = {isa = PBXFileReference; lastKnownFileType = text.plist.xml; path = Info.plist; sourceTree = "<group>"; };
		FECD6F2B2BAAF12A005A2F89 /* LocationManager.swift */ = {isa = PBXFileReference; lastKnownFileType = sourcecode.swift; path = LocationManager.swift; sourceTree = "<group>"; };
		FECD6F2D2BAAF13E005A2F89 /* WeatherManager.swift */ = {isa = PBXFileReference; lastKnownFileType = sourcecode.swift; path = WeatherManager.swift; sourceTree = "<group>"; };
		FECD6F322BAAF2D2005A2F89 /* SettingsViewController.swift */ = {isa = PBXFileReference; lastKnownFileType = sourcecode.swift; path = SettingsViewController.swift; sourceTree = "<group>"; };
		FECD6F342BAAF33E005A2F89 /* TabViewController.swift */ = {isa = PBXFileReference; lastKnownFileType = sourcecode.swift; path = TabViewController.swift; sourceTree = "<group>"; };
		FECD6F362BAB65CC005A2F89 /* WeatherView.swift */ = {isa = PBXFileReference; lastKnownFileType = sourcecode.swift; path = WeatherView.swift; sourceTree = "<group>"; };
		FECD6F382BAB6825005A2F89 /* SettingsView.swift */ = {isa = PBXFileReference; lastKnownFileType = sourcecode.swift; path = SettingsView.swift; sourceTree = "<group>"; };
		FECD6F3A2BAC3387005A2F89 /* SettingsViewViewModel.swift */ = {isa = PBXFileReference; lastKnownFileType = sourcecode.swift; path = SettingsViewViewModel.swift; sourceTree = "<group>"; };
		FECD6F3C2BAC6B63005A2F89 /* WeatherModel.swift */ = {isa = PBXFileReference; lastKnownFileType = sourcecode.swift; path = WeatherModel.swift; sourceTree = "<group>"; };
		FECD6F3E2BAC6CB5005A2F89 /* CurrentWeatherViewViewModel.swift */ = {isa = PBXFileReference; lastKnownFileType = sourcecode.swift; path = CurrentWeatherViewViewModel.swift; sourceTree = "<group>"; };
/* End PBXFileReference section */

/* Begin PBXFrameworksBuildPhase section */
		FECD6F0B2BAAEFA5005A2F89 /* Frameworks */ = {
			isa = PBXFrameworksBuildPhase;
			buildActionMask = 2147483647;
			files = (
			);
			runOnlyForDeploymentPostprocessing = 0;
		};
/* End PBXFrameworksBuildPhase section */

/* Begin PBXGroup section */
		FECD6F052BAAEFA5005A2F89 = {
			isa = PBXGroup;
			children = (
				FECD6F102BAAEFA5005A2F89 /* WeatherApp */,
				FECD6F0F2BAAEFA5005A2F89 /* Products */,
			);
			sourceTree = "<group>";
		};
		FECD6F0F2BAAEFA5005A2F89 /* Products */ = {
			isa = PBXGroup;
			children = (
				FECD6F0E2BAAEFA5005A2F89 /* WeatherApp.app */,
			);
			name = Products;
			sourceTree = "<group>";
		};
		FECD6F102BAAEFA5005A2F89 /* WeatherApp */ = {
			isa = PBXGroup;
			children = (
				FECD6F2A2BAAF0E0005A2F89 /* Managers */,
				FECD6F292BAAF0DA005A2F89 /* Other */,
				FECD6F282BAAF0D3005A2F89 /* Controllers */,
				FECD6F272BAAF0CD005A2F89 /* Models */,
				FECD6F262BAAF0C6005A2F89 /* ViewModels */,
				FECD6F252BAAF0B5005A2F89 /* Views */,
				FECD6F1F2BAAEFA6005A2F89 /* Info.plist */,
			);
			path = WeatherApp;
			sourceTree = "<group>";
		};
		FECD6F252BAAF0B5005A2F89 /* Views */ = {
			isa = PBXGroup;
			children = (
				FECD6F362BAB65CC005A2F89 /* WeatherView.swift */,
				FECD6F382BAB6825005A2F89 /* SettingsView.swift */,
			);
			path = Views;
			sourceTree = "<group>";
		};
		FECD6F262BAAF0C6005A2F89 /* ViewModels */ = {
			isa = PBXGroup;
			children = (
				FECD6F3A2BAC3387005A2F89 /* SettingsViewViewModel.swift */,
				FECD6F3E2BAC6CB5005A2F89 /* CurrentWeatherViewViewModel.swift */,
			);
			path = ViewModels;
			sourceTree = "<group>";
		};
		FECD6F272BAAF0CD005A2F89 /* Models */ = {
			isa = PBXGroup;
			children = (
				FECD6F3C2BAC6B63005A2F89 /* WeatherModel.swift */,
			);
			path = Models;
			sourceTree = "<group>";
		};
		FECD6F282BAAF0D3005A2F89 /* Controllers */ = {
			isa = PBXGroup;
			children = (
				FECD6F152BAAEFA5005A2F89 /* WeatherViewController.swift */,
				FECD6F322BAAF2D2005A2F89 /* SettingsViewController.swift */,
				FECD6F342BAAF33E005A2F89 /* TabViewController.swift */,
			);
			path = Controllers;
			sourceTree = "<group>";
		};
		FECD6F292BAAF0DA005A2F89 /* Other */ = {
			isa = PBXGroup;
			children = (
				FECD6F1A2BAAEFA6005A2F89 /* Assets.xcassets */,
				FECD6F1C2BAAEFA6005A2F89 /* LaunchScreen.storyboard */,
				FECD6F112BAAEFA5005A2F89 /* AppDelegate.swift */,
				FECD6F132BAAEFA5005A2F89 /* SceneDelegate.swift */,
			);
			path = Other;
			sourceTree = "<group>";
		};
		FECD6F2A2BAAF0E0005A2F89 /* Managers */ = {
			isa = PBXGroup;
			children = (
				FECD6F2B2BAAF12A005A2F89 /* LocationManager.swift */,
				FECD6F2D2BAAF13E005A2F89 /* WeatherManager.swift */,
			);
			path = Managers;
			sourceTree = "<group>";
		};
/* End PBXGroup section */

/* Begin PBXNativeTarget section */
		FECD6F0D2BAAEFA5005A2F89 /* WeatherApp */ = {
			isa = PBXNativeTarget;
			buildConfigurationList = FECD6F222BAAEFA6005A2F89 /* Build configuration list for PBXNativeTarget "WeatherApp" */;
			buildPhases = (
				FECD6F0A2BAAEFA5005A2F89 /* Sources */,
				FECD6F0B2BAAEFA5005A2F89 /* Frameworks */,
				FECD6F0C2BAAEFA5005A2F89 /* Resources */,
			);
			buildRules = (
			);
			dependencies = (
			);
			name = WeatherApp;
			productName = WeatherApp;
			productReference = FECD6F0E2BAAEFA5005A2F89 /* WeatherApp.app */;
			productType = "com.apple.product-type.application";
		};
/* End PBXNativeTarget section */

/* Begin PBXProject section */
		FECD6F062BAAEFA5005A2F89 /* Project object */ = {
			isa = PBXProject;
			attributes = {
				BuildIndependentTargetsInParallel = 1;
				LastSwiftUpdateCheck = 1520;
				LastUpgradeCheck = 1520;
				TargetAttributes = {
					FECD6F0D2BAAEFA5005A2F89 = {
						CreatedOnToolsVersion = 15.2;
					};
				};
			};
			buildConfigurationList = FECD6F092BAAEFA5005A2F89 /* Build configuration list for PBXProject "WeatherApp" */;
			compatibilityVersion = "Xcode 14.0";
			developmentRegion = en;
			hasScannedForEncodings = 0;
			knownRegions = (
				en,
				Base,
			);
			mainGroup = FECD6F052BAAEFA5005A2F89;
			productRefGroup = FECD6F0F2BAAEFA5005A2F89 /* Products */;
			projectDirPath = "";
			projectRoot = "";
			targets = (
				FECD6F0D2BAAEFA5005A2F89 /* WeatherApp */,
			);
		};
/* End PBXProject section */

/* Begin PBXResourcesBuildPhase section */
		FECD6F0C2BAAEFA5005A2F89 /* Resources */ = {
			isa = PBXResourcesBuildPhase;
			buildActionMask = 2147483647;
			files = (
				FECD6F1E2BAAEFA6005A2F89 /* LaunchScreen.storyboard in Resources */,
				FECD6F1B2BAAEFA6005A2F89 /* Assets.xcassets in Resources */,
			);
			runOnlyForDeploymentPostprocessing = 0;
		};
/* End PBXResourcesBuildPhase section */

/* Begin PBXSourcesBuildPhase section */
		FECD6F0A2BAAEFA5005A2F89 /* Sources */ = {
			isa = PBXSourcesBuildPhase;
			buildActionMask = 2147483647;
			files = (
				FECD6F3B2BAC3387005A2F89 /* SettingsViewViewModel.swift in Sources */,
				FECD6F352BAAF33E005A2F89 /* TabViewController.swift in Sources */,
				FECD6F372BAB65CC005A2F89 /* WeatherView.swift in Sources */,
				FECD6F2C2BAAF12A005A2F89 /* LocationManager.swift in Sources */,
				FECD6F392BAB6825005A2F89 /* SettingsView.swift in Sources */,
				FECD6F162BAAEFA5005A2F89 /* WeatherViewController.swift in Sources */,
				FECD6F2E2BAAF13E005A2F89 /* WeatherManager.swift in Sources */,
				FECD6F122BAAEFA5005A2F89 /* AppDelegate.swift in Sources */,
				FECD6F332BAAF2D2005A2F89 /* SettingsViewController.swift in Sources */,
				FECD6F142BAAEFA5005A2F89 /* SceneDelegate.swift in Sources */,
				FECD6F3F2BAC6CB5005A2F89 /* CurrentWeatherViewViewModel.swift in Sources */,
				FECD6F3D2BAC6B63005A2F89 /* WeatherModel.swift in Sources */,
			);
			runOnlyForDeploymentPostprocessing = 0;
		};
/* End PBXSourcesBuildPhase section */

/* Begin PBXVariantGroup section */
		FECD6F1C2BAAEFA6005A2F89 /* LaunchScreen.storyboard */ = {
			isa = PBXVariantGroup;
			children = (
				FECD6F1D2BAAEFA6005A2F89 /* Base */,
			);
			name = LaunchScreen.storyboard;
			sourceTree = "<group>";
		};
/* End PBXVariantGroup section */

/* Begin XCBuildConfiguration section */
		FECD6F202BAAEFA6005A2F89 /* Debug */ = {
			isa = XCBuildConfiguration;
			buildSettings = {
				ALWAYS_SEARCH_USER_PATHS = NO;
				ASSETCATALOG_COMPILER_GENERATE_SWIFT_ASSET_SYMBOL_EXTENSIONS = YES;
				CLANG_ANALYZER_NONNULL = YES;
				CLANG_ANALYZER_NUMBER_OBJECT_CONVERSION = YES_AGGRESSIVE;
				CLANG_CXX_LANGUAGE_STANDARD = "gnu++20";
				CLANG_ENABLE_MODULES = YES;
				CLANG_ENABLE_OBJC_ARC = YES;
				CLANG_ENABLE_OBJC_WEAK = YES;
				CLANG_WARN_BLOCK_CAPTURE_AUTORELEASING = YES;
				CLANG_WARN_BOOL_CONVERSION = YES;
				CLANG_WARN_COMMA = YES;
				CLANG_WARN_CONSTANT_CONVERSION = YES;
				CLANG_WARN_DEPRECATED_OBJC_IMPLEMENTATIONS = YES;
				CLANG_WARN_DIRECT_OBJC_ISA_USAGE = YES_ERROR;
				CLANG_WARN_DOCUMENTATION_COMMENTS = YES;
				CLANG_WARN_EMPTY_BODY = YES;
				CLANG_WARN_ENUM_CONVERSION = YES;
				CLANG_WARN_INFINITE_RECURSION = YES;
				CLANG_WARN_INT_CONVERSION = YES;
				CLANG_WARN_NON_LITERAL_NULL_CONVERSION = YES;
				CLANG_WARN_OBJC_IMPLICIT_RETAIN_SELF = YES;
				CLANG_WARN_OBJC_LITERAL_CONVERSION = YES;
				CLANG_WARN_OBJC_ROOT_CLASS = YES_ERROR;
				CLANG_WARN_QUOTED_INCLUDE_IN_FRAMEWORK_HEADER = YES;
				CLANG_WARN_RANGE_LOOP_ANALYSIS = YES;
				CLANG_WARN_STRICT_PROTOTYPES = YES;
				CLANG_WARN_SUSPICIOUS_MOVE = YES;
				CLANG_WARN_UNGUARDED_AVAILABILITY = YES_AGGRESSIVE;
				CLANG_WARN_UNREACHABLE_CODE = YES;
				CLANG_WARN__DUPLICATE_METHOD_MATCH = YES;
				COPY_PHASE_STRIP = NO;
				DEBUG_INFORMATION_FORMAT = dwarf;
				ENABLE_STRICT_OBJC_MSGSEND = YES;
				ENABLE_TESTABILITY = YES;
				ENABLE_USER_SCRIPT_SANDBOXING = YES;
				GCC_C_LANGUAGE_STANDARD = gnu17;
				GCC_DYNAMIC_NO_PIC = NO;
				GCC_NO_COMMON_BLOCKS = YES;
				GCC_OPTIMIZATION_LEVEL = 0;
				GCC_PREPROCESSOR_DEFINITIONS = (
					"DEBUG=1",
					"$(inherited)",
				);
				GCC_WARN_64_TO_32_BIT_CONVERSION = YES;
				GCC_WARN_ABOUT_RETURN_TYPE = YES_ERROR;
				GCC_WARN_UNDECLARED_SELECTOR = YES;
				GCC_WARN_UNINITIALIZED_AUTOS = YES_AGGRESSIVE;
				GCC_WARN_UNUSED_FUNCTION = YES;
				GCC_WARN_UNUSED_VARIABLE = YES;
				IPHONEOS_DEPLOYMENT_TARGET = 17.2;
				LOCALIZATION_PREFERS_STRING_CATALOGS = YES;
				MTL_ENABLE_DEBUG_INFO = INCLUDE_SOURCE;
				MTL_FAST_MATH = YES;
				ONLY_ACTIVE_ARCH = YES;
				SDKROOT = iphoneos;
				SWIFT_ACTIVE_COMPILATION_CONDITIONS = "DEBUG $(inherited)";
				SWIFT_OPTIMIZATION_LEVEL = "-Onone";
			};
			name = Debug;
		};
		FECD6F212BAAEFA6005A2F89 /* Release */ = {
			isa = XCBuildConfiguration;
			buildSettings = {
				ALWAYS_SEARCH_USER_PATHS = NO;
				ASSETCATALOG_COMPILER_GENERATE_SWIFT_ASSET_SYMBOL_EXTENSIONS = YES;
				CLANG_ANALYZER_NONNULL = YES;
				CLANG_ANALYZER_NUMBER_OBJECT_CONVERSION = YES_AGGRESSIVE;
				CLANG_CXX_LANGUAGE_STANDARD = "gnu++20";
				CLANG_ENABLE_MODULES = YES;
				CLANG_ENABLE_OBJC_ARC = YES;
				CLANG_ENABLE_OBJC_WEAK = YES;
				CLANG_WARN_BLOCK_CAPTURE_AUTORELEASING = YES;
				CLANG_WARN_BOOL_CONVERSION = YES;
				CLANG_WARN_COMMA = YES;
				CLANG_WARN_CONSTANT_CONVERSION = YES;
				CLANG_WARN_DEPRECATED_OBJC_IMPLEMENTATIONS = YES;
				CLANG_WARN_DIRECT_OBJC_ISA_USAGE = YES_ERROR;
				CLANG_WARN_DOCUMENTATION_COMMENTS = YES;
				CLANG_WARN_EMPTY_BODY = YES;
				CLANG_WARN_ENUM_CONVERSION = YES;
				CLANG_WARN_INFINITE_RECURSION = YES;
				CLANG_WARN_INT_CONVERSION = YES;
				CLANG_WARN_NON_LITERAL_NULL_CONVERSION = YES;
				CLANG_WARN_OBJC_IMPLICIT_RETAIN_SELF = YES;
				CLANG_WARN_OBJC_LITERAL_CONVERSION = YES;
				CLANG_WARN_OBJC_ROOT_CLASS = YES_ERROR;
				CLANG_WARN_QUOTED_INCLUDE_IN_FRAMEWORK_HEADER = YES;
				CLANG_WARN_RANGE_LOOP_ANALYSIS = YES;
				CLANG_WARN_STRICT_PROTOTYPES = YES;
				CLANG_WARN_SUSPICIOUS_MOVE = YES;
				CLANG_WARN_UNGUARDED_AVAILABILITY = YES_AGGRESSIVE;
				CLANG_WARN_UNREACHABLE_CODE = YES;
				CLANG_WARN__DUPLICATE_METHOD_MATCH = YES;
				COPY_PHASE_STRIP = NO;
				DEBUG_INFORMATION_FORMAT = "dwarf-with-dsym";
				ENABLE_NS_ASSERTIONS = NO;
				ENABLE_STRICT_OBJC_MSGSEND = YES;
				ENABLE_USER_SCRIPT_SANDBOXING = YES;
				GCC_C_LANGUAGE_STANDARD = gnu17;
				GCC_NO_COMMON_BLOCKS = YES;
				GCC_WARN_64_TO_32_BIT_CONVERSION = YES;
				GCC_WARN_ABOUT_RETURN_TYPE = YES_ERROR;
				GCC_WARN_UNDECLARED_SELECTOR = YES;
				GCC_WARN_UNINITIALIZED_AUTOS = YES_AGGRESSIVE;
				GCC_WARN_UNUSED_FUNCTION = YES;
				GCC_WARN_UNUSED_VARIABLE = YES;
				IPHONEOS_DEPLOYMENT_TARGET = 17.2;
				LOCALIZATION_PREFERS_STRING_CATALOGS = YES;
				MTL_ENABLE_DEBUG_INFO = NO;
				MTL_FAST_MATH = YES;
				SDKROOT = iphoneos;
				SWIFT_COMPILATION_MODE = wholemodule;
				VALIDATE_PRODUCT = YES;
			};
			name = Release;
		};
		FECD6F232BAAEFA6005A2F89 /* Debug */ = {
			isa = XCBuildConfiguration;
			buildSettings = {
				ASSETCATALOG_COMPILER_APPICON_NAME = AppIcon;
				ASSETCATALOG_COMPILER_GLOBAL_ACCENT_COLOR_NAME = AccentColor;
				CODE_SIGN_STYLE = Automatic;
				CURRENT_PROJECT_VERSION = 1;
				DEVELOPMENT_TEAM = 84HMKC95WY;
				GENERATE_INFOPLIST_FILE = YES;
				INFOPLIST_FILE = WeatherApp/Info.plist;
				INFOPLIST_KEY_UIApplicationSupportsIndirectInputEvents = YES;
				INFOPLIST_KEY_UILaunchStoryboardName = LaunchScreen;
				INFOPLIST_KEY_UISupportedInterfaceOrientations_iPad = "UIInterfaceOrientationPortrait UIInterfaceOrientationPortraitUpsideDown UIInterfaceOrientationLandscapeLeft UIInterfaceOrientationLandscapeRight";
				INFOPLIST_KEY_UISupportedInterfaceOrientations_iPhone = "UIInterfaceOrientationPortrait UIInterfaceOrientationLandscapeLeft UIInterfaceOrientationLandscapeRight";
				LD_RUNPATH_SEARCH_PATHS = (
					"$(inherited)",
					"@executable_path/Frameworks",
				);
				MARKETING_VERSION = 1.0;
				PRODUCT_BUNDLE_IDENTIFIER = Allison.WeatherApp;
				PRODUCT_NAME = "$(TARGET_NAME)";
				SWIFT_EMIT_LOC_STRINGS = YES;
				SWIFT_VERSION = 5.0;
				TARGETED_DEVICE_FAMILY = "1,2";
			};
			name = Debug;
		};
		FECD6F242BAAEFA6005A2F89 /* Release */ = {
			isa = XCBuildConfiguration;
			buildSettings = {
				ASSETCATALOG_COMPILER_APPICON_NAME = AppIcon;
				ASSETCATALOG_COMPILER_GLOBAL_ACCENT_COLOR_NAME = AccentColor;
				CODE_SIGN_STYLE = Automatic;
				CURRENT_PROJECT_VERSION = 1;
				DEVELOPMENT_TEAM = 84HMKC95WY;
				GENERATE_INFOPLIST_FILE = YES;
				INFOPLIST_FILE = WeatherApp/Info.plist;
				INFOPLIST_KEY_UIApplicationSupportsIndirectInputEvents = YES;
				INFOPLIST_KEY_UILaunchStoryboardName = LaunchScreen;
				INFOPLIST_KEY_UISupportedInterfaceOrientations_iPad = "UIInterfaceOrientationPortrait UIInterfaceOrientationPortraitUpsideDown UIInterfaceOrientationLandscapeLeft UIInterfaceOrientationLandscapeRight";
				INFOPLIST_KEY_UISupportedInterfaceOrientations_iPhone = "UIInterfaceOrientationPortrait UIInterfaceOrientationLandscapeLeft UIInterfaceOrientationLandscapeRight";
				LD_RUNPATH_SEARCH_PATHS = (
					"$(inherited)",
					"@executable_path/Frameworks",
				);
				MARKETING_VERSION = 1.0;
				PRODUCT_BUNDLE_IDENTIFIER = Allison.WeatherApp;
				PRODUCT_NAME = "$(TARGET_NAME)";
				SWIFT_EMIT_LOC_STRINGS = YES;
				SWIFT_VERSION = 5.0;
				TARGETED_DEVICE_FAMILY = "1,2";
			};
			name = Release;
		};
/* End XCBuildConfiguration section */

/* Begin XCConfigurationList section */
		FECD6F092BAAEFA5005A2F89 /* Build configuration list for PBXProject "WeatherApp" */ = {
			isa = XCConfigurationList;
			buildConfigurations = (
				FECD6F202BAAEFA6005A2F89 /* Debug */,
				FECD6F212BAAEFA6005A2F89 /* Release */,
			);
			defaultConfigurationIsVisible = 0;
			defaultConfigurationName = Release;
		};
		FECD6F222BAAEFA6005A2F89 /* Build configuration list for PBXNativeTarget "WeatherApp" */ = {
			isa = XCConfigurationList;
			buildConfigurations = (
				FECD6F232BAAEFA6005A2F89 /* Debug */,
				FECD6F242BAAEFA6005A2F89 /* Release */,
			);
			defaultConfigurationIsVisible = 0;
			defaultConfigurationName = Release;
		};
/* End XCConfigurationList section */
	};
	rootObject = FECD6F062BAAEFA5005A2F89 /* Project object */;
}
